{
  "lockfile_version": "1",
  "packages": {
    "stow@2.4.0": {
      "last_modified": "2024-10-13T23:44:06Z",
      "resolved": "github:NixOS/nixpkgs/d4f247e89f6e10120f911e2e2d2254a050d0f732#stow",
      "source": "devbox-search",
      "version": "2.4.0",
      "systems": {
        "aarch64-darwin": {
          "outputs": [
            {
              "name": "out",
              "path": "/nix/store/lcql7s3jfb4laqpnvmm07sk59i5lcv7r-stow-2.4.0",
              "default": true
            }
          ],
          "store_path": "/nix/store/lcql7s3jfb4laqpnvmm07sk59i5lcv7r-stow-2.4.0"
        },
        "aarch64-linux": {
          "outputs": [
            {
              "name": "out",
              "path": "/nix/store/dinqdf6018i3r56ljri829nb5gd8k85b-stow-2.4.0",
              "default": true
            }
          ],
          "store_path": "/nix/store/dinqdf6018i3r56ljri829nb5gd8k85b-stow-2.4.0"
        },
        "x86_64-darwin": {
          "outputs": [
            {
              "name": "out",
              "path": "/nix/store/r1cm7yppm6ljypvvfhwvj5q09pmfy0kh-stow-2.4.0",
              "default": true
            }
          ],
          "store_path": "/nix/store/r1cm7yppm6ljypvvfhwvj5q09pmfy0kh-stow-2.4.0"
        },
        "x86_64-linux": {
          "outputs": [
            {
              "name": "out",
              "path": "/nix/store/fs2wj1q90gdpf74hyybc5dywb2807z1z-stow-2.4.0",
              "default": true
            }
          ],
          "store_path": "/nix/store/fs2wj1q90gdpf74hyybc5dywb2807z1z-stow-2.4.0"
        }
      }
    },
    "teller@1.5.6": {
      "last_modified": "2024-05-22T06:18:38Z",
      "resolved": "github:NixOS/nixpkgs/3f316d2a50699a78afe5e77ca486ad553169061e#teller",
      "source": "devbox-search",
      "version": "1.5.6",
      "systems": {
        "aarch64-darwin": {
          "store_path": "/nix/store/csinic7gd7ln27bys5m3lhr3nr0wqwc1-teller-1.5.6"
        },
        "aarch64-linux": {
          "store_path": "/nix/store/v6zv4xvvc29l8ny86hkir7bzgafwgi4v-teller-1.5.6"
        },
        "x86_64-darwin": {
          "store_path": "/nix/store/q5k0fb4bwi1v64rsjy2kdlbh8h51b8kl-teller-1.5.6"
        },
        "x86_64-linux": {
          "store_path": "/nix/store/2r6xiywzp38nbw6vay8r4y6fy2wn2d27-teller-1.5.6"
        }
      }
    },
    "wget@latest": {
      "last_modified": "2024-12-23T21:10:33Z",
      "resolved": "github:NixOS/nixpkgs/de1864217bfa9b5845f465e771e0ecb48b30e02d#wget",
      "source": "devbox-search",
      "version": "1.25.0",
      "systems": {
        "aarch64-darwin": {
          "outputs": [
            {
              "name": "out",
              "path": "/nix/store/rjsz2sx5q97jdcx677ndw4c0bdlfh55m-wget-1.25.0",
              "default": true
            }
          ],
          "store_path": "/nix/store/rjsz2sx5q97jdcx677ndw4c0bdlfh55m-wget-1.25.0"
        },
        "aarch64-linux": {
          "outputs": [
            {
              "name": "out",
              "path": "/nix/store/792w23wrd0r0brvkrd3ni3gmk34f3pi7-wget-1.25.0",
              "default": true
            }
          ],
          "store_path": "/nix/store/792w23wrd0r0brvkrd3ni3gmk34f3pi7-wget-1.25.0"
        },
        "x86_64-darwin": {
          "outputs": [
            {
              "name": "out",
              "path": "/nix/store/lnw7sb4mkxrb769pknwdldxb6dgjsw2q-wget-1.25.0",
              "default": true
            }
          ],
          "store_path": "/nix/store/lnw7sb4mkxrb769pknwdldxb6dgjsw2q-wget-1.25.0"
        },
        "x86_64-linux": {
          "outputs": [
            {
              "name": "out",
              "path": "/nix/store/3kfrvmzrng8b1g7639n1f89f6dymlgin-wget-1.25.0",
              "default": true
            }
          ],
          "store_path": "/nix/store/3kfrvmzrng8b1g7639n1f89f6dymlgin-wget-1.25.0"
        }
      }
    }
  }
}
