{
  "lockfile_version": "1",
  "packages": {
    "stow@2.4.1": {
      "last_modified": "2025-07-28T17:09:23Z",
      "resolved": "github:NixOS/nixpkgs/648f70160c03151bc2121d179291337ad6bc564b#stow",
      "source": "devbox-search",
      "version": "2.4.1",
      "systems": {
        "aarch64-darwin": {
          "outputs": [
            {
              "name": "out",
              "path": "/nix/store/kx9jb5cb7ipqvdq798si9r0cgbnl6ckm-stow-2.4.1",
              "default": true
            }
          ],
          "store_path": "/nix/store/kx9jb5cb7ipqvdq798si9r0cgbnl6ckm-stow-2.4.1"
        },
        "aarch64-linux": {
          "outputs": [
            {
              "name": "out",
              "path": "/nix/store/1p8bi1f906mj29zrh83qjpvb81wyxgbp-stow-2.4.1",
              "default": true
            }
          ],
          "store_path": "/nix/store/1p8bi1f906mj29zrh83qjpvb81wyxgbp-stow-2.4.1"
        },
        "x86_64-darwin": {
          "outputs": [
            {
              "name": "out",
              "path": "/nix/store/3zlcjr9pgx7hxmhpwq4iyv52fifjs0jp-stow-2.4.1",
              "default": true
            }
          ],
          "store_path": "/nix/store/3zlcjr9pgx7hxmhpwq4iyv52fifjs0jp-stow-2.4.1"
        },
        "x86_64-linux": {
          "outputs": [
            {
              "name": "out",
              "path": "/nix/store/221ym4dvpwniybhx1hlnbn0yajsq1y92-stow-2.4.1",
              "default": true
            }
          ],
          "store_path": "/nix/store/221ym4dvpwniybhx1hlnbn0yajsq1y92-stow-2.4.1"
        }
      }
    },
    "teller@2.0.7": {
      "last_modified": "2025-07-28T17:09:23Z",
      "resolved": "github:NixOS/nixpkgs/648f70160c03151bc2121d179291337ad6bc564b#teller",
      "source": "devbox-search",
      "version": "2.0.7",
      "systems": {
        "aarch64-darwin": {
          "outputs": [
            {
              "name": "out",
              "path": "/nix/store/01swcg5h5ip20mk4s21pm8w61742hk5k-teller-2.0.7",
              "default": true
            }
          ],
          "store_path": "/nix/store/01swcg5h5ip20mk4s21pm8w61742hk5k-teller-2.0.7"
        },
        "aarch64-linux": {
          "outputs": [
            {
              "name": "out",
              "path": "/nix/store/45n1jjwzxxk8cas26bfvncx1rd3wcx1j-teller-2.0.7",
              "default": true
            }
          ],
          "store_path": "/nix/store/45n1jjwzxxk8cas26bfvncx1rd3wcx1j-teller-2.0.7"
        },
        "x86_64-darwin": {
          "outputs": [
            {
              "name": "out",
              "path": "/nix/store/b70bwm6ydxnagr1g7ahklx84hr5myj3s-teller-2.0.7",
              "default": true
            }
          ],
          "store_path": "/nix/store/b70bwm6ydxnagr1g7ahklx84hr5myj3s-teller-2.0.7"
        },
        "x86_64-linux": {
          "outputs": [
            {
              "name": "out",
              "path": "/nix/store/s79rmzwqr74vd34mky9x75nmlr21qbgb-teller-2.0.7",
              "default": true
            }
          ],
          "store_path": "/nix/store/s79rmzwqr74vd34mky9x75nmlr21qbgb-teller-2.0.7"
        }
      }
    },
    "wget@latest": {
      "last_modified": "2024-12-23T21:10:33Z",
      "resolved": "github:NixOS/nixpkgs/de1864217bfa9b5845f465e771e0ecb48b30e02d#wget",
      "source": "devbox-search",
      "version": "1.25.0",
      "systems": {
        "aarch64-darwin": {
          "outputs": [
            {
              "name": "out",
              "path": "/nix/store/rjsz2sx5q97jdcx677ndw4c0bdlfh55m-wget-1.25.0",
              "default": true
            }
          ],
          "store_path": "/nix/store/rjsz2sx5q97jdcx677ndw4c0bdlfh55m-wget-1.25.0"
        },
        "aarch64-linux": {
          "outputs": [
            {
              "name": "out",
              "path": "/nix/store/792w23wrd0r0brvkrd3ni3gmk34f3pi7-wget-1.25.0",
              "default": true
            }
          ],
          "store_path": "/nix/store/792w23wrd0r0brvkrd3ni3gmk34f3pi7-wget-1.25.0"
        },
        "x86_64-darwin": {
          "outputs": [
            {
              "name": "out",
              "path": "/nix/store/lnw7sb4mkxrb769pknwdldxb6dgjsw2q-wget-1.25.0",
              "default": true
            }
          ],
          "store_path": "/nix/store/lnw7sb4mkxrb769pknwdldxb6dgjsw2q-wget-1.25.0"
        },
        "x86_64-linux": {
          "outputs": [
            {
              "name": "out",
              "path": "/nix/store/3kfrvmzrng8b1g7639n1f89f6dymlgin-wget-1.25.0",
              "default": true
            }
          ],
          "store_path": "/nix/store/3kfrvmzrng8b1g7639n1f89f6dymlgin-wget-1.25.0"
        }
      }
    }
  }
}
